
Microsoft Visual Studio Solution File, Format Version 12.00
# Visual Studio Version 17
VisualStudioVersion = 17.8.34316.72
MinimumVisualStudioVersion = 10.0.40219.1
Project("{FAE04EC0-301F-11D3-BF4B-00C04F79EFBC}") = "ProjectUnitOfWork.APi", "ProjectUnitOfWork.APi\ProjectUnitOfWork.APi.csproj", "{6F4BAEA3-1B70-4FFF-9719-8A2ECE85FC6B}"
EndProject
Project("{FAE04EC0-301F-11D3-BF4B-00C04F79EFBC}") = "ProjectUnitOfWork.Core", "ProjectUnitOfWork.Core\ProjectUnitOfWork.Core.csproj", "{5A296D8B-7501-480E-B225-F9D5D800A2F2}"
EndProject
Project("{FAE04EC0-301F-11D3-BF4B-00C04F79EFBC}") = "ProjectUnitOfWork.EF", "ProjectUnitOfWork.EF\ProjectUnitOfWork.EF.csproj", "{19D3441B-986B-441C-B90B-2EC0D63915AA}"
EndProject
Global
	GlobalSection(SolutionConfigurationPlatforms) = preSolution
		Debug|Any CPU = Debug|Any CPU
		Release|Any CPU = Release|Any CPU
	EndGlobalSection
	GlobalSection(ProjectConfigurationPlatforms) = postSolution
		{6F4BAEA3-1B70-4FFF-9719-8A2ECE85FC6B}.Debug|Any CPU.ActiveCfg = Debug|Any CPU
		{6F4BAEA3-1B70-4FFF-9719-8A2ECE85FC6B}.Debug|Any CPU.Build.0 = Debug|Any CPU
		{6F4BAEA3-1B70-4FFF-9719-8A2ECE85FC6B}.Release|Any CPU.ActiveCfg = Release|Any CPU
		{6F4BAEA3-1B70-4FFF-9719-8A2ECE85FC6B}.Release|Any CPU.Build.0 = Release|Any CPU
		{5A296D8B-7501-480E-B225-F9D5D800A2F2}.Debug|Any CPU.ActiveCfg = Debug|Any CPU
		{5A296D8B-7501-480E-B225-F9D5D800A2F2}.Debug|Any CPU.Build.0 = Debug|Any CPU
		{5A296D8B-7501-480E-B225-F9D5D800A2F2}.Release|Any CPU.ActiveCfg = Release|Any CPU
		{5A296D8B-7501-480E-B225-F9D5D800A2F2}.Release|Any CPU.Build.0 = Release|Any CPU
		{19D3441B-986B-441C-B90B-2EC0D63915AA}.Debug|Any CPU.ActiveCfg = Debug|Any CPU
		{19D3441B-986B-441C-B90B-2EC0D63915AA}.Debug|Any CPU.Build.0 = Debug|Any CPU
		{19D3441B-986B-441C-B90B-2EC0D63915AA}.Release|Any CPU.ActiveCfg = Release|Any CPU
		{19D3441B-986B-441C-B90B-2EC0D63915AA}.Release|Any CPU.Build.0 = Release|Any CPU
	EndGlobalSection
	GlobalSection(SolutionProperties) = preSolution
		HideSolutionNode = FALSE
	EndGlobalSection
	GlobalSection(ExtensibilityGlobals) = postSolution
		SolutionGuid = {12A3B51A-9DD7-4AB1-B478-FA43DA963847}
	EndGlobalSection
EndGlobal
